
Microsoft Visual Studio Solution File, Format Version 12.00
# Visual Studio Version 16
VisualStudioVersion = 16.0.30523.141
MinimumVisualStudioVersion = 10.0.40219.1
Project("{FAE04EC0-301F-11D3-BF4B-00C04F79EFBC}") = "ClassGeneraterWeb", "ClassGeneraterWeb\ClassGeneraterWeb.csproj", "{5D5CF94E-E93F-434C-928D-465AA0B38D87}"
EndProject
Global
	GlobalSection(SolutionConfigurationPlatforms) = preSolution
		Debug|Any CPU = Debug|Any CPU
		Release|Any CPU = Release|Any CPU
	EndGlobalSection
	GlobalSection(ProjectConfigurationPlatforms) = postSolution
		{5D5CF94E-E93F-434C-928D-465AA0B38D87}.Debug|Any CPU.ActiveCfg = Debug|Any CPU
		{5D5CF94E-E93F-434C-928D-465AA0B38D87}.Debug|Any CPU.Build.0 = Debug|Any CPU
		{5D5CF94E-E93F-434C-928D-465AA0B38D87}.Release|Any CPU.ActiveCfg = Release|Any CPU
		{5D5CF94E-E93F-434C-928D-465AA0B38D87}.Release|Any CPU.Build.0 = Release|Any CPU
	EndGlobalSection
	GlobalSection(SolutionProperties) = preSolution
		HideSolutionNode = FALSE
	EndGlobalSection
	GlobalSection(ExtensibilityGlobals) = postSolution
		SolutionGuid = {74B0243F-EEAD-4AA9-9C4F-BED53915A320}
	EndGlobalSection
EndGlobal
